
Microsoft Visual Studio Solution File, Format Version 12.00
# Visual Studio Version 17
VisualStudioVersion = 17.13.35818.85 d17.13
MinimumVisualStudioVersion = 10.0.40219.1
Project("{FAE04EC0-301F-11D3-BF4B-00C04F79EFBC}") = "Assignment5.1", "Assignment5.1.csproj", "{61918672-8386-4238-AE48-580B0A0595A7}"
EndProject
Global
	GlobalSection(SolutionConfigurationPlatforms) = preSolution
		Debug|Any CPU = Debug|Any CPU
		Release|Any CPU = Release|Any CPU
	EndGlobalSection
	GlobalSection(ProjectConfigurationPlatforms) = postSolution
		{61918672-8386-4238-AE48-580B0A0595A7}.Debug|Any CPU.ActiveCfg = Debug|Any CPU
		{61918672-8386-4238-AE48-580B0A0595A7}.Debug|Any CPU.Build.0 = Debug|Any CPU
		{61918672-8386-4238-AE48-580B0A0595A7}.Release|Any CPU.ActiveCfg = Release|Any CPU
		{61918672-8386-4238-AE48-580B0A0595A7}.Release|Any CPU.Build.0 = Release|Any CPU
	EndGlobalSection
	GlobalSection(SolutionProperties) = preSolution
		HideSolutionNode = FALSE
	EndGlobalSection
	GlobalSection(ExtensibilityGlobals) = postSolution
		SolutionGuid = {C813D44A-40E5-4B62-BAE3-EC0DD3F278A8}
	EndGlobalSection
EndGlobal
