
Microsoft Visual Studio Solution File, Format Version 12.00
# Visual Studio Version 17
VisualStudioVersion = 17.13.35818.85 d17.13
MinimumVisualStudioVersion = 10.0.40219.1
Project("{FAE04EC0-301F-11D3-BF4B-00C04F79EFBC}") = "Asignment6.1", "Asignment6.1.csproj", "{2AB7C1A8-D3D7-4A41-B5EE-EF39141733D1}"
EndProject
Global
	GlobalSection(SolutionConfigurationPlatforms) = preSolution
		Debug|Any CPU = Debug|Any CPU
		Release|Any CPU = Release|Any CPU
	EndGlobalSection
	GlobalSection(ProjectConfigurationPlatforms) = postSolution
		{2AB7C1A8-D3D7-4A41-B5EE-EF39141733D1}.Debug|Any CPU.ActiveCfg = Debug|Any CPU
		{2AB7C1A8-D3D7-4A41-B5EE-EF39141733D1}.Debug|Any CPU.Build.0 = Debug|Any CPU
		{2AB7C1A8-D3D7-4A41-B5EE-EF39141733D1}.Release|Any CPU.ActiveCfg = Release|Any CPU
		{2AB7C1A8-D3D7-4A41-B5EE-EF39141733D1}.Release|Any CPU.Build.0 = Release|Any CPU
	EndGlobalSection
	GlobalSection(SolutionProperties) = preSolution
		HideSolutionNode = FALSE
	EndGlobalSection
	GlobalSection(ExtensibilityGlobals) = postSolution
		SolutionGuid = {0A6AD76D-0A98-48FA-9BEA-D13FCAF54724}
	EndGlobalSection
EndGlobal
